// !$*UTF8*$!
{
	archiveVersion = 1;
	classes = {
	};
	objectVersion = 55;
	objects = {

/* Begin PBXBuildFile section */
		19ED4168A5C949CE099E0396 /* Pods_Coyne.framework in Frameworks */ = {isa = PBXBuildFile; fileRef = 11B114F7B63E72C94987A929 /* Pods_Coyne.framework */; };
		2F1F039527D7BE8C00009465 /* CoyneApp.swift in Sources */ = {isa = PBXBuildFile; fileRef = 2F1F039427D7BE8C00009465 /* CoyneApp.swift */; };
		2F1F039727D7BE8C00009465 /* ContentView.swift in Sources */ = {isa = PBXBuildFile; fileRef = 2F1F039627D7BE8C00009465 /* ContentView.swift */; };
		2F1F039927D7BE8D00009465 /* Assets.xcassets in Resources */ = {isa = PBXBuildFile; fileRef = 2F1F039827D7BE8D00009465 /* Assets.xcassets */; };
		2F1F039C27D7BE8D00009465 /* Preview Assets.xcassets in Resources */ = {isa = PBXBuildFile; fileRef = 2F1F039B27D7BE8D00009465 /* Preview Assets.xcassets */; };
		2F1F03A927D7BF6600009465 /* MainView.swift in Sources */ = {isa = PBXBuildFile; fileRef = 2F1F03A827D7BF6600009465 /* MainView.swift */; };
		2F1F03AC27D7C00E00009465 /* Colors.swift in Sources */ = {isa = PBXBuildFile; fileRef = 2F1F03AB27D7C00E00009465 /* Colors.swift */; };
		2F1F03AE27D7C10900009465 /* CardFrontView.swift in Sources */ = {isa = PBXBuildFile; fileRef = 2F1F03AD27D7C10900009465 /* CardFrontView.swift */; };
		2F1F03B027D7C14000009465 /* TransactionSect.swift in Sources */ = {isa = PBXBuildFile; fileRef = 2F1F03AF27D7C14000009465 /* TransactionSect.swift */; };
		2F1F03B227D7DFBB00009465 /* ActivityView.swift in Sources */ = {isa = PBXBuildFile; fileRef = 2F1F03B127D7DFBB00009465 /* ActivityView.swift */; };
		2F94C2FF27DA90E800B97B58 /* CardBackView.swift in Sources */ = {isa = PBXBuildFile; fileRef = 2F94C2FE27DA90E800B97B58 /* CardBackView.swift */; };
		2F94C30327DAD53E00B97B58 /* LatestActivity.swift in Sources */ = {isa = PBXBuildFile; fileRef = 2F94C30227DAD53E00B97B58 /* LatestActivity.swift */; };
		2F94C30527DAD80800B97B58 /* AccountDetailsView.swift in Sources */ = {isa = PBXBuildFile; fileRef = 2F94C30427DAD80800B97B58 /* AccountDetailsView.swift */; };
		2F94C30727DAE28500B97B58 /* User.swift in Sources */ = {isa = PBXBuildFile; fileRef = 2F94C30627DAE28500B97B58 /* User.swift */; };
		2FD18BBE27DB053B00FED6B9 /* AccountDepositView.swift in Sources */ = {isa = PBXBuildFile; fileRef = 2FD18BBD27DB053A00FED6B9 /* AccountDepositView.swift */; };
/* End PBXBuildFile section */

/* Begin PBXFileReference section */
		11B114F7B63E72C94987A929 /* Pods_Coyne.framework */ = {isa = PBXFileReference; explicitFileType = wrapper.framework; includeInIndex = 0; path = Pods_Coyne.framework; sourceTree = BUILT_PRODUCTS_DIR; };
		2F1F039127D7BE8C00009465 /* Coyne.app */ = {isa = PBXFileReference; explicitFileType = wrapper.application; includeInIndex = 0; path = Coyne.app; sourceTree = BUILT_PRODUCTS_DIR; };
		2F1F039427D7BE8C00009465 /* CoyneApp.swift */ = {isa = PBXFileReference; lastKnownFileType = sourcecode.swift; path = CoyneApp.swift; sourceTree = "<group>"; };
		2F1F039627D7BE8C00009465 /* ContentView.swift */ = {isa = PBXFileReference; lastKnownFileType = sourcecode.swift; path = ContentView.swift; sourceTree = "<group>"; };
		2F1F039827D7BE8D00009465 /* Assets.xcassets */ = {isa = PBXFileReference; lastKnownFileType = folder.assetcatalog; path = Assets.xcassets; sourceTree = "<group>"; };
		2F1F039B27D7BE8D00009465 /* Preview Assets.xcassets */ = {isa = PBXFileReference; lastKnownFileType = folder.assetcatalog; path = "Preview Assets.xcassets"; sourceTree = "<group>"; };
		2F1F03A827D7BF6600009465 /* MainView.swift */ = {isa = PBXFileReference; lastKnownFileType = sourcecode.swift; path = MainView.swift; sourceTree = "<group>"; };
		2F1F03AB27D7C00E00009465 /* Colors.swift */ = {isa = PBXFileReference; lastKnownFileType = sourcecode.swift; path = Colors.swift; sourceTree = "<group>"; };
		2F1F03AD27D7C10900009465 /* CardFrontView.swift */ = {isa = PBXFileReference; lastKnownFileType = sourcecode.swift; path = CardFrontView.swift; sourceTree = "<group>"; };
		2F1F03AF27D7C14000009465 /* TransactionSect.swift */ = {isa = PBXFileReference; lastKnownFileType = sourcecode.swift; path = TransactionSect.swift; sourceTree = "<group>"; };
		2F1F03B127D7DFBB00009465 /* ActivityView.swift */ = {isa = PBXFileReference; lastKnownFileType = sourcecode.swift; path = ActivityView.swift; sourceTree = "<group>"; };
		2F94C2FE27DA90E800B97B58 /* CardBackView.swift */ = {isa = PBXFileReference; lastKnownFileType = sourcecode.swift; path = CardBackView.swift; sourceTree = "<group>"; };
		2F94C30227DAD53E00B97B58 /* LatestActivity.swift */ = {isa = PBXFileReference; lastKnownFileType = sourcecode.swift; path = LatestActivity.swift; sourceTree = "<group>"; };
		2F94C30427DAD80800B97B58 /* AccountDetailsView.swift */ = {isa = PBXFileReference; lastKnownFileType = sourcecode.swift; path = AccountDetailsView.swift; sourceTree = "<group>"; };
		2F94C30627DAE28500B97B58 /* User.swift */ = {isa = PBXFileReference; lastKnownFileType = sourcecode.swift; path = User.swift; sourceTree = "<group>"; };
		2FD18BBB27DAE81600FED6B9 /* Info.plist */ = {isa = PBXFileReference; lastKnownFileType = text.plist; path = Info.plist; sourceTree = "<group>"; };
		2FD18BBD27DB053A00FED6B9 /* AccountDepositView.swift */ = {isa = PBXFileReference; lastKnownFileType = sourcecode.swift; path = AccountDepositView.swift; sourceTree = "<group>"; };
		D750DF656B01DB09481FBE75 /* Pods-Coyne.release.xcconfig */ = {isa = PBXFileReference; includeInIndex = 1; lastKnownFileType = text.xcconfig; name = "Pods-Coyne.release.xcconfig"; path = "Target Support Files/Pods-Coyne/Pods-Coyne.release.xcconfig"; sourceTree = "<group>"; };
		DC2B600F64304B0B6E54BA3C /* Pods-Coyne.debug.xcconfig */ = {isa = PBXFileReference; includeInIndex = 1; lastKnownFileType = text.xcconfig; name = "Pods-Coyne.debug.xcconfig"; path = "Target Support Files/Pods-Coyne/Pods-Coyne.debug.xcconfig"; sourceTree = "<group>"; };
/* End PBXFileReference section */

/* Begin PBXFrameworksBuildPhase section */
		2F1F038E27D7BE8C00009465 /* Frameworks */ = {
			isa = PBXFrameworksBuildPhase;
			buildActionMask = 2147483647;
			files = (
				19ED4168A5C949CE099E0396 /* Pods_Coyne.framework in Frameworks */,
			);
			runOnlyForDeploymentPostprocessing = 0;
		};
/* End PBXFrameworksBuildPhase section */

/* Begin PBXGroup section */
		2F1F038827D7BE8C00009465 = {
			isa = PBXGroup;
			children = (
				2F1F039327D7BE8C00009465 /* Coyne */,
				2F1F039227D7BE8C00009465 /* Products */,
				CFFD664F107813200D3B3D7E /* Pods */,
				D3EACA32C97A1598AAB39810 /* Frameworks */,
			);
			sourceTree = "<group>";
		};
		2F1F039227D7BE8C00009465 /* Products */ = {
			isa = PBXGroup;
			children = (
				2F1F039127D7BE8C00009465 /* Coyne.app */,
			);
			name = Products;
			sourceTree = "<group>";
		};
		2F1F039327D7BE8C00009465 /* Coyne */ = {
			isa = PBXGroup;
			children = (
				2FD18BBB27DAE81600FED6B9 /* Info.plist */,
				2F1F03A527D7BEC800009465 /* Delegates */,
				2F1F03A727D7BF0300009465 /* Helpers */,
				2F1F03A327D7BEB800009465 /* Utils */,
				2F1F03A427D7BEBF00009465 /* Models */,
				2F1F03A627D7BEF200009465 /* ViewModels */,
				2F1F039827D7BE8D00009465 /* Assets.xcassets */,
				2F1F039427D7BE8C00009465 /* CoyneApp.swift */,
				2F1F03A227D7BEA800009465 /* Views */,
				2F1F039A27D7BE8D00009465 /* Preview Content */,
			);
			path = Coyne;
			sourceTree = "<group>";
		};
		2F1F039A27D7BE8D00009465 /* Preview Content */ = {
			isa = PBXGroup;
			children = (
				2F1F039B27D7BE8D00009465 /* Preview Assets.xcassets */,
			);
			path = "Preview Content";
			sourceTree = "<group>";
		};
		2F1F03A227D7BEA800009465 /* Views */ = {
			isa = PBXGroup;
			children = (
				2F1F039627D7BE8C00009465 /* ContentView.swift */,
				2F1F03A827D7BF6600009465 /* MainView.swift */,
				2F94C30427DAD80800B97B58 /* AccountDetailsView.swift */,
				2FD18BBD27DB053A00FED6B9 /* AccountDepositView.swift */,
			);
			path = Views;
			sourceTree = "<group>";
		};
		2F1F03A327D7BEB800009465 /* Utils */ = {
			isa = PBXGroup;
			children = (
				2F1F03AB27D7C00E00009465 /* Colors.swift */,
				2F1F03AD27D7C10900009465 /* CardFrontView.swift */,
				2F94C2FE27DA90E800B97B58 /* CardBackView.swift */,
				2F1F03B127D7DFBB00009465 /* ActivityView.swift */,
				2F1F03AF27D7C14000009465 /* TransactionSect.swift */,
			);
			path = Utils;
			sourceTree = "<group>";
		};
		2F1F03A427D7BEBF00009465 /* Models */ = {
			isa = PBXGroup;
			children = (
				2F94C30227DAD53E00B97B58 /* LatestActivity.swift */,
				2F94C30627DAE28500B97B58 /* User.swift */,
			);
			path = Models;
			sourceTree = "<group>";
		};
		2F1F03A527D7BEC800009465 /* Delegates */ = {
			isa = PBXGroup;
			children = (
			);
			path = Delegates;
			sourceTree = "<group>";
		};
		2F1F03A627D7BEF200009465 /* ViewModels */ = {
			isa = PBXGroup;
			children = (
			);
			path = ViewModels;
			sourceTree = "<group>";
		};
		2F1F03A727D7BF0300009465 /* Helpers */ = {
			isa = PBXGroup;
			children = (
			);
			path = Helpers;
			sourceTree = "<group>";
		};
		CFFD664F107813200D3B3D7E /* Pods */ = {
			isa = PBXGroup;
			children = (
				DC2B600F64304B0B6E54BA3C /* Pods-Coyne.debug.xcconfig */,
				D750DF656B01DB09481FBE75 /* Pods-Coyne.release.xcconfig */,
			);
			path = Pods;
			sourceTree = "<group>";
		};
		D3EACA32C97A1598AAB39810 /* Frameworks */ = {
			isa = PBXGroup;
			children = (
				11B114F7B63E72C94987A929 /* Pods_Coyne.framework */,
			);
			name = Frameworks;
			sourceTree = "<group>";
		};
/* End PBXGroup section */

/* Begin PBXNativeTarget section */
		2F1F039027D7BE8C00009465 /* Coyne */ = {
			isa = PBXNativeTarget;
			buildConfigurationList = 2F1F039F27D7BE8D00009465 /* Build configuration list for PBXNativeTarget "Coyne" */;
			buildPhases = (
				13C3A2AFB7A80B0CBDFA415A /* [CP] Check Pods Manifest.lock */,
				2F1F038D27D7BE8C00009465 /* Sources */,
				2F1F038E27D7BE8C00009465 /* Frameworks */,
				2F1F038F27D7BE8C00009465 /* Resources */,
				12FC079F05934908433A51EC /* [CP] Embed Pods Frameworks */,
			);
			buildRules = (
			);
			dependencies = (
			);
			name = Coyne;
			productName = Coyne;
			productReference = 2F1F039127D7BE8C00009465 /* Coyne.app */;
			productType = "com.apple.product-type.application";
		};
/* End PBXNativeTarget section */

/* Begin PBXProject section */
		2F1F038927D7BE8C00009465 /* Project object */ = {
			isa = PBXProject;
			attributes = {
				BuildIndependentTargetsInParallel = 1;
				LastSwiftUpdateCheck = 1320;
				LastUpgradeCheck = 1320;
				TargetAttributes = {
					2F1F039027D7BE8C00009465 = {
						CreatedOnToolsVersion = 13.2;
					};
				};
			};
			buildConfigurationList = 2F1F038C27D7BE8C00009465 /* Build configuration list for PBXProject "Coyne" */;
			compatibilityVersion = "Xcode 13.0";
			developmentRegion = en;
			hasScannedForEncodings = 0;
			knownRegions = (
				en,
				Base,
			);
			mainGroup = 2F1F038827D7BE8C00009465;
			productRefGroup = 2F1F039227D7BE8C00009465 /* Products */;
			projectDirPath = "";
			projectRoot = "";
			targets = (
				2F1F039027D7BE8C00009465 /* Coyne */,
			);
		};
/* End PBXProject section */

/* Begin PBXResourcesBuildPhase section */
		2F1F038F27D7BE8C00009465 /* Resources */ = {
			isa = PBXResourcesBuildPhase;
			buildActionMask = 2147483647;
			files = (
				2F1F039C27D7BE8D00009465 /* Preview Assets.xcassets in Resources */,
				2F1F039927D7BE8D00009465 /* Assets.xcassets in Resources */,
			);
			runOnlyForDeploymentPostprocessing = 0;
		};
/* End PBXResourcesBuildPhase section */

/* Begin PBXShellScriptBuildPhase section */
		12FC079F05934908433A51EC /* [CP] Embed Pods Frameworks */ = {
			isa = PBXShellScriptBuildPhase;
			buildActionMask = 2147483647;
			files = (
			);
			inputFileListPaths = (
				"${PODS_ROOT}/Target Support Files/Pods-Coyne/Pods-Coyne-frameworks-${CONFIGURATION}-input-files.xcfilelist",
			);
			name = "[CP] Embed Pods Frameworks";
			outputFileListPaths = (
				"${PODS_ROOT}/Target Support Files/Pods-Coyne/Pods-Coyne-frameworks-${CONFIGURATION}-output-files.xcfilelist",
			);
			runOnlyForDeploymentPostprocessing = 0;
			shellPath = /bin/sh;
			shellScript = "\"${PODS_ROOT}/Target Support Files/Pods-Coyne/Pods-Coyne-frameworks.sh\"\n";
			showEnvVarsInLog = 0;
		};
		13C3A2AFB7A80B0CBDFA415A /* [CP] Check Pods Manifest.lock */ = {
			isa = PBXShellScriptBuildPhase;
			buildActionMask = 2147483647;
			files = (
			);
			inputFileListPaths = (
			);
			inputPaths = (
				"${PODS_PODFILE_DIR_PATH}/Podfile.lock",
				"${PODS_ROOT}/Manifest.lock",
			);
			name = "[CP] Check Pods Manifest.lock";
			outputFileListPaths = (
			);
			outputPaths = (
				"$(DERIVED_FILE_DIR)/Pods-Coyne-checkManifestLockResult.txt",
			);
			runOnlyForDeploymentPostprocessing = 0;
			shellPath = /bin/sh;
			shellScript = "diff \"${PODS_PODFILE_DIR_PATH}/Podfile.lock\" \"${PODS_ROOT}/Manifest.lock\" > /dev/null\nif [ $? != 0 ] ; then\n    # print error to STDERR\n    echo \"error: The sandbox is not in sync with the Podfile.lock. Run 'pod install' or update your CocoaPods installation.\" >&2\n    exit 1\nfi\n# This output is used by Xcode 'outputs' to avoid re-running this script phase.\necho \"SUCCESS\" > \"${SCRIPT_OUTPUT_FILE_0}\"\n";
			showEnvVarsInLog = 0;
		};
/* End PBXShellScriptBuildPhase section */

/* Begin PBXSourcesBuildPhase section */
		2F1F038D27D7BE8C00009465 /* Sources */ = {
			isa = PBXSourcesBuildPhase;
			buildActionMask = 2147483647;
			files = (
				2F1F039727D7BE8C00009465 /* ContentView.swift in Sources */,
				2F1F03AC27D7C00E00009465 /* Colors.swift in Sources */,
				2F1F03AE27D7C10900009465 /* CardFrontView.swift in Sources */,
				2F94C30527DAD80800B97B58 /* AccountDetailsView.swift in Sources */,
				2F94C2FF27DA90E800B97B58 /* CardBackView.swift in Sources */,
				2F1F03A927D7BF6600009465 /* MainView.swift in Sources */,
				2F1F03B227D7DFBB00009465 /* ActivityView.swift in Sources */,
				2F94C30327DAD53E00B97B58 /* LatestActivity.swift in Sources */,
				2F1F039527D7BE8C00009465 /* CoyneApp.swift in Sources */,
				2F1F03B027D7C14000009465 /* TransactionSect.swift in Sources */,
				2F94C30727DAE28500B97B58 /* User.swift in Sources */,
				2FD18BBE27DB053B00FED6B9 /* AccountDepositView.swift in Sources */,
			);
			runOnlyForDeploymentPostprocessing = 0;
		};
/* End PBXSourcesBuildPhase section */

/* Begin XCBuildConfiguration section */
		2F1F039D27D7BE8D00009465 /* Debug */ = {
			isa = XCBuildConfiguration;
			buildSettings = {
				ALWAYS_SEARCH_USER_PATHS = NO;
				CLANG_ANALYZER_NONNULL = YES;
				CLANG_ANALYZER_NUMBER_OBJECT_CONVERSION = YES_AGGRESSIVE;
				CLANG_CXX_LANGUAGE_STANDARD = "gnu++17";
				CLANG_CXX_LIBRARY = "libc++";
				CLANG_ENABLE_MODULES = YES;
				CLANG_ENABLE_OBJC_ARC = YES;
				CLANG_ENABLE_OBJC_WEAK = YES;
				CLANG_WARN_BLOCK_CAPTURE_AUTORELEASING = YES;
				CLANG_WARN_BOOL_CONVERSION = YES;
				CLANG_WARN_COMMA = YES;
				CLANG_WARN_CONSTANT_CONVERSION = YES;
				CLANG_WARN_DEPRECATED_OBJC_IMPLEMENTATIONS = YES;
				CLANG_WARN_DIRECT_OBJC_ISA_USAGE = YES_ERROR;
				CLANG_WARN_DOCUMENTATION_COMMENTS = YES;
				CLANG_WARN_EMPTY_BODY = YES;
				CLANG_WARN_ENUM_CONVERSION = YES;
				CLANG_WARN_INFINITE_RECURSION = YES;
				CLANG_WARN_INT_CONVERSION = YES;
				CLANG_WARN_NON_LITERAL_NULL_CONVERSION = YES;
				CLANG_WARN_OBJC_IMPLICIT_RETAIN_SELF = YES;
				CLANG_WARN_OBJC_LITERAL_CONVERSION = YES;
				CLANG_WARN_OBJC_ROOT_CLASS = YES_ERROR;
				CLANG_WARN_QUOTED_INCLUDE_IN_FRAMEWORK_HEADER = YES;
				CLANG_WARN_RANGE_LOOP_ANALYSIS = YES;
				CLANG_WARN_STRICT_PROTOTYPES = YES;
				CLANG_WARN_SUSPICIOUS_MOVE = YES;
				CLANG_WARN_UNGUARDED_AVAILABILITY = YES_AGGRESSIVE;
				CLANG_WARN_UNREACHABLE_CODE = YES;
				CLANG_WARN__DUPLICATE_METHOD_MATCH = YES;
				COPY_PHASE_STRIP = NO;
				DEBUG_INFORMATION_FORMAT = dwarf;
				ENABLE_STRICT_OBJC_MSGSEND = YES;
				ENABLE_TESTABILITY = YES;
				GCC_C_LANGUAGE_STANDARD = gnu11;
				GCC_DYNAMIC_NO_PIC = NO;
				GCC_NO_COMMON_BLOCKS = YES;
				GCC_OPTIMIZATION_LEVEL = 0;
				GCC_PREPROCESSOR_DEFINITIONS = (
					"DEBUG=1",
					"$(inherited)",
				);
				GCC_WARN_64_TO_32_BIT_CONVERSION = YES;
				GCC_WARN_ABOUT_RETURN_TYPE = YES_ERROR;
				GCC_WARN_UNDECLARED_SELECTOR = YES;
				GCC_WARN_UNINITIALIZED_AUTOS = YES_AGGRESSIVE;
				GCC_WARN_UNUSED_FUNCTION = YES;
				GCC_WARN_UNUSED_VARIABLE = YES;
				IPHONEOS_DEPLOYMENT_TARGET = 15.2;
				MTL_ENABLE_DEBUG_INFO = INCLUDE_SOURCE;
				MTL_FAST_MATH = YES;
				ONLY_ACTIVE_ARCH = YES;
				SDKROOT = iphoneos;
				SWIFT_ACTIVE_COMPILATION_CONDITIONS = DEBUG;
				SWIFT_OPTIMIZATION_LEVEL = "-Onone";
			};
			name = Debug;
		};
		2F1F039E27D7BE8D00009465 /* Release */ = {
			isa = XCBuildConfiguration;
			buildSettings = {
				ALWAYS_SEARCH_USER_PATHS = NO;
				CLANG_ANALYZER_NONNULL = YES;
				CLANG_ANALYZER_NUMBER_OBJECT_CONVERSION = YES_AGGRESSIVE;
				CLANG_CXX_LANGUAGE_STANDARD = "gnu++17";
				CLANG_CXX_LIBRARY = "libc++";
				CLANG_ENABLE_MODULES = YES;
				CLANG_ENABLE_OBJC_ARC = YES;
				CLANG_ENABLE_OBJC_WEAK = YES;
				CLANG_WARN_BLOCK_CAPTURE_AUTORELEASING = YES;
				CLANG_WARN_BOOL_CONVERSION = YES;
				CLANG_WARN_COMMA = YES;
				CLANG_WARN_CONSTANT_CONVERSION = YES;
				CLANG_WARN_DEPRECATED_OBJC_IMPLEMENTATIONS = YES;
				CLANG_WARN_DIRECT_OBJC_ISA_USAGE = YES_ERROR;
				CLANG_WARN_DOCUMENTATION_COMMENTS = YES;
				CLANG_WARN_EMPTY_BODY = YES;
				CLANG_WARN_ENUM_CONVERSION = YES;
				CLANG_WARN_INFINITE_RECURSION = YES;
				CLANG_WARN_INT_CONVERSION = YES;
				CLANG_WARN_NON_LITERAL_NULL_CONVERSION = YES;
				CLANG_WARN_OBJC_IMPLICIT_RETAIN_SELF = YES;
				CLANG_WARN_OBJC_LITERAL_CONVERSION = YES;
				CLANG_WARN_OBJC_ROOT_CLASS = YES_ERROR;
				CLANG_WARN_QUOTED_INCLUDE_IN_FRAMEWORK_HEADER = YES;
				CLANG_WARN_RANGE_LOOP_ANALYSIS = YES;
				CLANG_WARN_STRICT_PROTOTYPES = YES;
				CLANG_WARN_SUSPICIOUS_MOVE = YES;
				CLANG_WARN_UNGUARDED_AVAILABILITY = YES_AGGRESSIVE;
				CLANG_WARN_UNREACHABLE_CODE = YES;
				CLANG_WARN__DUPLICATE_METHOD_MATCH = YES;
				COPY_PHASE_STRIP = NO;
				DEBUG_INFORMATION_FORMAT = "dwarf-with-dsym";
				ENABLE_NS_ASSERTIONS = NO;
				ENABLE_STRICT_OBJC_MSGSEND = YES;
				GCC_C_LANGUAGE_STANDARD = gnu11;
				GCC_NO_COMMON_BLOCKS = YES;
				GCC_WARN_64_TO_32_BIT_CONVERSION = YES;
				GCC_WARN_ABOUT_RETURN_TYPE = YES_ERROR;
				GCC_WARN_UNDECLARED_SELECTOR = YES;
				GCC_WARN_UNINITIALIZED_AUTOS = YES_AGGRESSIVE;
				GCC_WARN_UNUSED_FUNCTION = YES;
				GCC_WARN_UNUSED_VARIABLE = YES;
				IPHONEOS_DEPLOYMENT_TARGET = 15.2;
				MTL_ENABLE_DEBUG_INFO = NO;
				MTL_FAST_MATH = YES;
				SDKROOT = iphoneos;
				SWIFT_COMPILATION_MODE = wholemodule;
				SWIFT_OPTIMIZATION_LEVEL = "-O";
				VALIDATE_PRODUCT = YES;
			};
			name = Release;
		};
		2F1F03A027D7BE8D00009465 /* Debug */ = {
			isa = XCBuildConfiguration;
			baseConfigurationReference = DC2B600F64304B0B6E54BA3C /* Pods-Coyne.debug.xcconfig */;
			buildSettings = {
				ASSETCATALOG_COMPILER_APPICON_NAME = AppIcon;
				ASSETCATALOG_COMPILER_GLOBAL_ACCENT_COLOR_NAME = AccentColor;
				CODE_SIGN_STYLE = Automatic;
				CURRENT_PROJECT_VERSION = 1;
				DEVELOPMENT_ASSET_PATHS = "\"Coyne/Preview Content\"";
				DEVELOPMENT_TEAM = QACLP69RHJ;
				ENABLE_PREVIEWS = YES;
				GENERATE_INFOPLIST_FILE = YES;
				INFOPLIST_FILE = Coyne/Info.plist;
				INFOPLIST_KEY_CFBundleDisplayName = Coyne;
				INFOPLIST_KEY_UIApplicationSceneManifest_Generation = YES;
				INFOPLIST_KEY_UIApplicationSupportsIndirectInputEvents = YES;
				INFOPLIST_KEY_UILaunchScreen_Generation = YES;
				INFOPLIST_KEY_UIStatusBarHidden = YES;
				INFOPLIST_KEY_UISupportedInterfaceOrientations = UIInterfaceOrientationPortrait;
				INFOPLIST_KEY_UISupportedInterfaceOrientations_iPad = "UIInterfaceOrientationPortrait UIInterfaceOrientationPortraitUpsideDown UIInterfaceOrientationLandscapeLeft UIInterfaceOrientationLandscapeRight";
				INFOPLIST_KEY_UISupportedInterfaceOrientations_iPhone = "UIInterfaceOrientationPortrait UIInterfaceOrientationLandscapeLeft UIInterfaceOrientationLandscapeRight";
				LD_RUNPATH_SEARCH_PATHS = (
					"$(inherited)",
					"@executable_path/Frameworks",
				);
				MARKETING_VERSION = 0.1;
				PRODUCT_BUNDLE_IDENTIFIER = com.appelatte.Coyne;
				PRODUCT_NAME = "$(TARGET_NAME)";
				SWIFT_EMIT_LOC_STRINGS = YES;
				SWIFT_VERSION = 5.0;
				TARGETED_DEVICE_FAMILY = 1;
			};
			name = Debug;
		};
		2F1F03A127D7BE8D00009465 /* Release */ = {
			isa = XCBuildConfiguration;
			baseConfigurationReference = D750DF656B01DB09481FBE75 /* Pods-Coyne.release.xcconfig */;
			buildSettings = {
				ASSETCATALOG_COMPILER_APPICON_NAME = AppIcon;
				ASSETCATALOG_COMPILER_GLOBAL_ACCENT_COLOR_NAME = AccentColor;
				CODE_SIGN_STYLE = Automatic;
				CURRENT_PROJECT_VERSION = 1;
				DEVELOPMENT_ASSET_PATHS = "\"Coyne/Preview Content\"";
				DEVELOPMENT_TEAM = QACLP69RHJ;
				ENABLE_PREVIEWS = YES;
				GENERATE_INFOPLIST_FILE = YES;
				INFOPLIST_FILE = Coyne/Info.plist;
				INFOPLIST_KEY_CFBundleDisplayName = Coyne;
				INFOPLIST_KEY_UIApplicationSceneManifest_Generation = YES;
				INFOPLIST_KEY_UIApplicationSupportsIndirectInputEvents = YES;
				INFOPLIST_KEY_UILaunchScreen_Generation = YES;
				INFOPLIST_KEY_UIStatusBarHidden = YES;
				INFOPLIST_KEY_UISupportedInterfaceOrientations = UIInterfaceOrientationPortrait;
				INFOPLIST_KEY_UISupportedInterfaceOrientations_iPad = "UIInterfaceOrientationPortrait UIInterfaceOrientationPortraitUpsideDown UIInterfaceOrientationLandscapeLeft UIInterfaceOrientationLandscapeRight";
				INFOPLIST_KEY_UISupportedInterfaceOrientations_iPhone = "UIInterfaceOrientationPortrait UIInterfaceOrientationLandscapeLeft UIInterfaceOrientationLandscapeRight";
				LD_RUNPATH_SEARCH_PATHS = (
					"$(inherited)",
					"@executable_path/Frameworks",
				);
				MARKETING_VERSION = 0.1;
				PRODUCT_BUNDLE_IDENTIFIER = com.appelatte.Coyne;
				PRODUCT_NAME = "$(TARGET_NAME)";
				SWIFT_EMIT_LOC_STRINGS = YES;
				SWIFT_VERSION = 5.0;
				TARGETED_DEVICE_FAMILY = 1;
			};
			name = Release;
		};
/* End XCBuildConfiguration section */

/* Begin XCConfigurationList section */
		2F1F038C27D7BE8C00009465 /* Build configuration list for PBXProject "Coyne" */ = {
			isa = XCConfigurationList;
			buildConfigurations = (
				2F1F039D27D7BE8D00009465 /* Debug */,
				2F1F039E27D7BE8D00009465 /* Release */,
			);
			defaultConfigurationIsVisible = 0;
			defaultConfigurationName = Release;
		};
		2F1F039F27D7BE8D00009465 /* Build configuration list for PBXNativeTarget "Coyne" */ = {
			isa = XCConfigurationList;
			buildConfigurations = (
				2F1F03A027D7BE8D00009465 /* Debug */,
				2F1F03A127D7BE8D00009465 /* Release */,
			);
			defaultConfigurationIsVisible = 0;
			defaultConfigurationName = Release;
		};
/* End XCConfigurationList section */
	};
	rootObject = 2F1F038927D7BE8C00009465 /* Project object */;
}
