{
  "pins" : [
    {
      "identity" : "carbode-barcode-scanner-for-swiftui",
      "kind" : "remoteSourceControl",
      "location" : "https://github.com/heart/CarBode-Barcode-Scanner-For-SwiftUI",
      "state" : {
        "revision" : "6167624ec47174900434f1c03dfa0b2dd5d19c0d",
        "version" : "2.2.3"
      }
    },
    {
      "identity" : "countrypicker",
      "kind" : "remoteSourceControl",
      "location" : "https://github.com/mobven/CountryPicker.git",
      "state" : {
        "revision" : "fc84df8310daede33984f673b2b601b452433eec",
        "version" : "1.0.9"
      }
    },
    {
      "identity" : "cryptoswift",
      "kind" : "remoteSourceControl",
      "location" : "https://github.com/krzyzanowskim/CryptoSwift.git",
      "state" : {
        "revision" : "32f641cf24fc7abc1c591a2025e9f2f572648b0f",
        "version" : "1.7.2"
      }
    },
    {
      "identity" : "kingfisher",
      "kind" : "remoteSourceControl",
      "location" : "https://github.com/onevcat/Kingfisher.git",
      "state" : {
        "revision" : "c1f60c63f356d364f4284ba82961acbe7de79bcc",
        "version" : "7.8.1"
      }
    },
    {
      "identity" : "lottie-ios",
      "kind" : "remoteSourceControl",
      "location" : "https://github.com/airbnb/lottie-ios.git",
      "state" : {
        "revision" : "b4bd0604ded9574807f41b4004b57dd1226a30a4",
        "version" : "3.5.0"
      }
    }
  ],
  "version" : 2
}
